{
  "requires": true,
  "lockfileVersion": 1,
  "dependencies": {
    "node-addon-api": {
      "version": "2.0.0",
      "resolved": "https://registry.npmjs.org/node-addon-api/-/node-addon-api-2.0.0.tgz",
      "integrity": "sha512-ASCL5U13as7HhOExbT6OlWJJUV/lLzL2voOSP1UVehpRD8FbSrSDjfScK/KwAvVTI5AS6r4VwbOMlIqtvRidnA=="
    },
    "nodehun": {
      "version": "3.0.1",
      "resolved": "https://registry.npmjs.org/nodehun/-/nodehun-3.0.1.tgz",
      "integrity": "sha512-JiS+6ky3uPAQ9xDzb1nq54shrTzGZJmB1J6sZoevzrp2ENy2tXqMpfV+9axNq5KsDTnX5s7rG+Jeyt81/CputA==",
      "requires": {
        "node-addon-api": "*"
      }
    }
  }
}
